Microsoft Visual Studio Solution File, Format Version 8.00
Project("{8BC9CEB8-8B4A-11D0-8D11-00A0C91BC942}") = "swip_packetid", "swip_packetid.vcproj", "{E390417B-BB36-4AB2-8E3C-B84A75D47771}"
	ProjectSection(ProjectDependencies) = postProject
	EndProjectSection
EndProject
Global
	GlobalSection(SolutionConfiguration) = preSolution
		Debug = Debug
		Release = Release
	EndGlobalSection
	GlobalSection(ProjectDependencies) = postSolution
	EndGlobalSection
	GlobalSection(ProjectConfiguration) = postSolution
		{E390417B-BB36-4AB2-8E3C-B84A75D47771}.Debug.ActiveCfg = Debug|Win32
		{E390417B-BB36-4AB2-8E3C-B84A75D47771}.Debug.Build.0 = Debug|Win32
		{E390417B-BB36-4AB2-8E3C-B84A75D47771}.Release.ActiveCfg = Release|Win32
		{E390417B-BB36-4AB2-8E3C-B84A75D47771}.Release.Build.0 = Release|Win32
	EndGlobalSection
	GlobalSection(ExtensibilityGlobals) = postSolution
	EndGlobalSection
	GlobalSection(ExtensibilityAddIns) = postSolution
	EndGlobalSection
EndGlobal
