Microsoft Visual Studio Solution File, Format Version 8.00
Project("{8BC9CEB8-8B4A-11D0-8D11-00A0C91BC942}") = "Launch", "Launch\Launch.vcproj", "{16980266-AD39-4264-844E-8F339FA52972}"
	ProjectSection(ProjectDependencies) = postProject
	EndProjectSection
EndProject
Global
	GlobalSection(SolutionConfiguration) = preSolution
		Debug = Debug
		Release = Release
	EndGlobalSection
	GlobalSection(ProjectConfiguration) = postSolution
		{16980266-AD39-4264-844E-8F339FA52972}.Debug.ActiveCfg = Debug|Win32
		{16980266-AD39-4264-844E-8F339FA52972}.Debug.Build.0 = Debug|Win32
		{16980266-AD39-4264-844E-8F339FA52972}.Release.ActiveCfg = Release|Win32
		{16980266-AD39-4264-844E-8F339FA52972}.Release.Build.0 = Release|Win32
	EndGlobalSection
	GlobalSection(ExtensibilityGlobals) = postSolution
	EndGlobalSection
	GlobalSection(ExtensibilityAddIns) = postSolution
	EndGlobalSection
EndGlobal
