Microsoft Visual Studio Solution File, Format Version 8.00
Project("{8BC9CEB8-8B4A-11D0-8D11-00A0C91BC942}") = "PatchWorker", "PatchWorker.vcproj", "{04A62ACE-1854-45D0-9762-837D03442163}"
	ProjectSection(ProjectDependencies) = postProject
	EndProjectSection
EndProject
Global
	GlobalSection(SolutionConfiguration) = preSolution
		Debug = Debug
		Release = Release
	EndGlobalSection
	GlobalSection(ProjectConfiguration) = postSolution
		{04A62ACE-1854-45D0-9762-837D03442163}.Debug.ActiveCfg = Debug|Win32
		{04A62ACE-1854-45D0-9762-837D03442163}.Debug.Build.0 = Debug|Win32
		{04A62ACE-1854-45D0-9762-837D03442163}.Release.ActiveCfg = Release|Win32
		{04A62ACE-1854-45D0-9762-837D03442163}.Release.Build.0 = Release|Win32
	EndGlobalSection
	GlobalSection(ExtensibilityGlobals) = postSolution
	EndGlobalSection
	GlobalSection(ExtensibilityAddIns) = postSolution
	EndGlobalSection
EndGlobal
