Microsoft Visual Studio Solution File, Format Version 9.00
# Visual Studio 2005
Project("{8BC9CEB8-8B4A-11D0-8D11-00A0C91BC942}") = "SampleBrowser", "Samples\Browser\SampleBrowser.vcproj", "{7CD489DE-0F37-4F6D-8621-9D4365602CA8}"
	ProjectSection(ProjectDependencies) = postProject
		{62C6A904-D8B9-4A45-B86F-D6941D219C44} = {62C6A904-D8B9-4A45-B86F-D6941D219C44}
		{84952606-3C97-4500-829D-937B6E4992BC} = {84952606-3C97-4500-829D-937B6E4992BC}
		{19492A07-1CCF-4410-A282-00298A000B4D} = {19492A07-1CCF-4410-A282-00298A000B4D}
		{2787A409-685E-42E2-918B-EBBF70927CBE} = {2787A409-685E-42E2-918B-EBBF70927CBE}
		{C4436F0D-2571-4A3E-90F9-1584C4F45AA5} = {C4436F0D-2571-4A3E-90F9-1584C4F45AA5}
		{4022AF0E-FAD5-4A79-B473-15830BE5146B} = {4022AF0E-FAD5-4A79-B473-15830BE5146B}
		{32695119-EB85-4C9C-A025-BE6CAE4EC919} = {32695119-EB85-4C9C-A025-BE6CAE4EC919}
		{F0F5462B-6556-42A1-8637-9A528E32BD17} = {F0F5462B-6556-42A1-8637-9A528E32BD17}
		{248A9034-AA6B-4931-A26F-917F06A6C64D} = {248A9034-AA6B-4931-A26F-917F06A6C64D}
		{0D112638-536D-4C18-9289-50BE3E86077E} = {0D112638-536D-4C18-9289-50BE3E86077E}
		{9A3E7A3D-AF8D-41B7-906C-65AFF4016771} = {9A3E7A3D-AF8D-41B7-906C-65AFF4016771}
		{3D0D3E40-4FA5-4273-B97F-4F0332F49F10} = {3D0D3E40-4FA5-4273-B97F-4F0332F49F10}
		{E34EFE46-D072-4129-AB35-2BD1187AAE0E} = {E34EFE46-D072-4129-AB35-2BD1187AAE0E}
		{F8379059-35ED-4FB2-ACC1-F242981A517A} = {F8379059-35ED-4FB2-ACC1-F242981A517A}
		{6C83C072-EE8F-4338-AD9C-B283A2073C09} = {6C83C072-EE8F-4338-AD9C-B283A2073C09}
		{89323A75-D058-4C6F-8CA8-BCD824815116} = {89323A75-D058-4C6F-8CA8-BCD824815116}
		{354FBA78-4272-428D-B0F6-8A9206BA0E77} = {354FBA78-4272-428D-B0F6-8A9206BA0E77}
		{D12F978B-3285-44A7-9F06-FCF387923F4F} = {D12F978B-3285-44A7-9F06-FCF387923F4F}
		{E368E695-62BD-4FFE-BA3D-2E6497CA1ECC} = {E368E695-62BD-4FFE-BA3D-2E6497CA1ECC}
		{87E60C9B-2552-4E5C-867F-97023D58218E} = {87E60C9B-2552-4E5C-867F-97023D58218E}
		{ABA7E49D-D4BE-4785-B720-955E2AA6F8DE} = {ABA7E49D-D4BE-4785-B720-955E2AA6F8DE}
		{639B1A9F-DF77-4B08-A3C7-6280629FAD52} = {639B1A9F-DF77-4B08-A3C7-6280629FAD52}
		{3AFB30B7-3BFB-42D3-8EE1-81C75ED4CFC6} = {3AFB30B7-3BFB-42D3-8EE1-81C75ED4CFC6}
		{948042C7-F3C9-4AD3-9A04-BE7F32BC7CAC} = {948042C7-F3C9-4AD3-9A04-BE7F32BC7CAC}
		{CCF7C7D8-A2B5-41C5-A57B-E8B4BB512365} = {CCF7C7D8-A2B5-41C5-A57B-E8B4BB512365}
		{74401BDA-52C3-4630-AF74-D8AE8BC0336F} = {74401BDA-52C3-4630-AF74-D8AE8BC0336F}
		{CEABD8E9-0ED2-4647-96AC-5766114BF214} = {CEABD8E9-0ED2-4647-96AC-5766114BF214}
		{B1FACEEA-90F8-418F-857C-DEFFB12883ED} = {B1FACEEA-90F8-418F-857C-DEFFB12883ED}
		{C361C2EB-5CFC-40E3-8DBA-5AE86671EFA1} = {C361C2EB-5CFC-40E3-8DBA-5AE86671EFA1}
		{E21DDBEC-0308-4084-83F3-9FAE3DA52F7E} = {E21DDBEC-0308-4084-83F3-9FAE3DA52F7E}
		{9EA5E2EE-8BCE-4451-9908-A2AF39FCDD4C} = {9EA5E2EE-8BCE-4451-9908-A2AF39FCDD4C}
		{750B64FA-37BB-49E6-A666-21DF9A5BC169} = {750B64FA-37BB-49E6-A666-21DF9A5BC169}
	EndProjectSection
EndProject
Project("{8BC9CEB8-8B4A-11D0-8D11-00A0C91BC942}") = "Sample_BSP", "Samples\BSP\Sample_BSP.vcproj", "{9A3E7A3D-AF8D-41B7-906C-65AFF4016771}"
EndProject
Project("{8BC9CEB8-8B4A-11D0-8D11-00A0C91BC942}") = "Sample_BezierPatch", "Samples\BezierPatch\Sample_BezierPatch.vcproj", "{89323A75-D058-4C6F-8CA8-BCD824815116}"
EndProject
Project("{8BC9CEB8-8B4A-11D0-8D11-00A0C91BC942}") = "Sample_CameraTrack", "Samples\CameraTrack\Sample_CameraTrack.vcproj", "{D12F978B-3285-44A7-9F06-FCF387923F4F}"
EndProject
Project("{8BC9CEB8-8B4A-11D0-8D11-00A0C91BC942}") = "Sample_CelShading", "Samples\CelShading\Sample_CelShading.vcproj", "{CCF7C7D8-A2B5-41C5-A57B-E8B4BB512365}"
EndProject
Project("{8BC9CEB8-8B4A-11D0-8D11-00A0C91BC942}") = "Sample_Character", "Samples\Character\Sample_Character.vcproj", "{2787A409-685E-42E2-918B-EBBF70927CBE}"
EndProject
Project("{8BC9CEB8-8B4A-11D0-8D11-00A0C91BC942}") = "Sample_Compositor", "Samples\Compositor\Sample_Compositor.vcproj", "{F0F5462B-6556-42A1-8637-9A528E32BD17}"
EndProject
Project("{8BC9CEB8-8B4A-11D0-8D11-00A0C91BC942}") = "Sample_CubeMapping", "Samples\CubeMapping\Sample_CubeMapping.vcproj", "{0D112638-536D-4C18-9289-50BE3E86077E}"
EndProject
Project("{8BC9CEB8-8B4A-11D0-8D11-00A0C91BC942}") = "Sample_DeferredShading", "Samples\DeferredShading\Sample_DeferredShading.vcproj", "{4022AF0E-FAD5-4A79-B473-15830BE5146B}"
EndProject
Project("{8BC9CEB8-8B4A-11D0-8D11-00A0C91BC942}") = "Sample_Dot3Bump", "Samples\Dot3Bump\Sample_Dot3Bump.vcproj", "{F8379059-35ED-4FB2-ACC1-F242981A517A}"
EndProject
Project("{8BC9CEB8-8B4A-11D0-8D11-00A0C91BC942}") = "Sample_DynTex", "Samples\DynTex\Sample_DynTex.vcproj", "{62C6A904-D8B9-4A45-B86F-D6941D219C44}"
EndProject
Project("{8BC9CEB8-8B4A-11D0-8D11-00A0C91BC942}") = "Sample_FacialAnimation", "Samples\FacialAnimation\Sample_FacialAnimation.vcproj", "{32695119-EB85-4C9C-A025-BE6CAE4EC919}"
EndProject
Project("{8BC9CEB8-8B4A-11D0-8D11-00A0C91BC942}") = "Sample_Fresnel", "Samples\Fresnel\Sample_Fresnel.vcproj", "{948042C7-F3C9-4AD3-9A04-BE7F32BC7CAC}"
EndProject
Project("{8BC9CEB8-8B4A-11D0-8D11-00A0C91BC942}") = "Sample_Grass", "Samples\Grass\Sample_Grass.vcproj", "{19492A07-1CCF-4410-A282-00298A000B4D}"
EndProject
Project("{8BC9CEB8-8B4A-11D0-8D11-00A0C91BC942}") = "Sample_Instancing", "Samples\Instancing\Sample_Instancing.vcproj", "{750B64FA-37BB-49E6-A666-21DF9A5BC169}"
EndProject
Project("{8BC9CEB8-8B4A-11D0-8D11-00A0C91BC942}") = "Sample_Isosurf", "Samples\Isosurf\Sample_Isosurf.vcproj", "{CEABD8E9-0ED2-4647-96AC-5766114BF214}"
EndProject
Project("{8BC9CEB8-8B4A-11D0-8D11-00A0C91BC942}") = "Sample_Lighting", "Samples\Lighting\Sample_Lighting.vcproj", "{74401BDA-52C3-4630-AF74-D8AE8BC0336F}"
EndProject
Project("{8BC9CEB8-8B4A-11D0-8D11-00A0C91BC942}") = "Sample_Ocean", "Samples\OceanDemo\Sample_Ocean.vcproj", "{3AFB30B7-3BFB-42D3-8EE1-81C75ED4CFC6}"
EndProject
Project("{8BC9CEB8-8B4A-11D0-8D11-00A0C91BC942}") = "Sample_ParticleFX", "Samples\ParticleFX\Sample_ParticleFX.vcproj", "{87E60C9B-2552-4E5C-867F-97023D58218E}"
EndProject
Project("{8BC9CEB8-8B4A-11D0-8D11-00A0C91BC942}") = "Sample_ParticleGS", "Samples\ParticleGS\Sample_ParticleGS.vcproj", "{ABA7E49D-D4BE-4785-B720-955E2AA6F8DE}"
EndProject
Project("{8BC9CEB8-8B4A-11D0-8D11-00A0C91BC942}") = "Sample_ShaderSystem", "Samples\ShaderSystem\Sample_ShaderSystem.vcproj", "{E21DDBEC-0308-4084-83F3-9FAE3DA52F7E}"
EndProject
Project("{8BC9CEB8-8B4A-11D0-8D11-00A0C91BC942}") = "Sample_Shadows", "Samples\Shadows\Sample_Shadows.vcproj", "{248A9034-AA6B-4931-A26F-917F06A6C64D}"
EndProject
Project("{8BC9CEB8-8B4A-11D0-8D11-00A0C91BC942}") = "Sample_SkeletalAnimation", "Samples\SkeletalAnimation\Sample_SkeletalAnimation.vcproj", "{84952606-3C97-4500-829D-937B6E4992BC}"
EndProject
Project("{8BC9CEB8-8B4A-11D0-8D11-00A0C91BC942}") = "Sample_SkyBox", "Samples\SkyBox\Sample_SkyBox.vcproj", "{E34EFE46-D072-4129-AB35-2BD1187AAE0E}"
EndProject
Project("{8BC9CEB8-8B4A-11D0-8D11-00A0C91BC942}") = "Sample_SkyDome", "Samples\SkyDome\Sample_SkyDome.vcproj", "{9EA5E2EE-8BCE-4451-9908-A2AF39FCDD4C}"
EndProject
Project("{8BC9CEB8-8B4A-11D0-8D11-00A0C91BC942}") = "Sample_SkyPlane", "Samples\SkyPlane\Sample_SkyPlane.vcproj", "{354FBA78-4272-428D-B0F6-8A9206BA0E77}"
EndProject
Project("{8BC9CEB8-8B4A-11D0-8D11-00A0C91BC942}") = "Sample_Smoke", "Samples\Smoke\Sample_Smoke.vcproj", "{C4436F0D-2571-4A3E-90F9-1584C4F45AA5}"
EndProject
Project("{8BC9CEB8-8B4A-11D0-8D11-00A0C91BC942}") = "Sample_SphereMapping", "Samples\SphereMapping\Sample_SphereMapping.vcproj", "{639B1A9F-DF77-4B08-A3C7-6280629FAD52}"
EndProject
Project("{8BC9CEB8-8B4A-11D0-8D11-00A0C91BC942}") = "Sample_Terrain", "Samples\Terrain\Sample_Terrain.vcproj", "{B1FACEEA-90F8-418F-857C-DEFFB12883ED}"
EndProject
Project("{8BC9CEB8-8B4A-11D0-8D11-00A0C91BC942}") = "Sample_TextureFX", "Samples\TextureFX\Sample_TextureFX.vcproj", "{3D0D3E40-4FA5-4273-B97F-4F0332F49F10}"
EndProject
Project("{8BC9CEB8-8B4A-11D0-8D11-00A0C91BC942}") = "Sample_Transparency", "Samples\Transparency\Sample_Transparency.vcproj", "{C361C2EB-5CFC-40E3-8DBA-5AE86671EFA1}"
EndProject
Project("{8BC9CEB8-8B4A-11D0-8D11-00A0C91BC942}") = "Sample_VolumeTex", "Samples\VolumeTex\Sample_VolumeTex.vcproj", "{6C83C072-EE8F-4338-AD9C-B283A2073C09}"
EndProject
Project("{8BC9CEB8-8B4A-11D0-8D11-00A0C91BC942}") = "Sample_Water", "Samples\Water\Sample_Water.vcproj", "{E368E695-62BD-4FFE-BA3D-2E6497CA1ECC}"
EndProject
Project("{8BC9CEB8-8B4A-11D0-8D11-00A0C91BC942}") = "OgreMain", "OgreMain\OgreMain.vcproj", "{C4CE0FC1-13A8-4BEA-B2CD-FE31EB0CD0CD}"
EndProject
Project("{8BC9CEB8-8B4A-11D0-8D11-00A0C91BC942}") = "Plugin_BSPSceneManager", "PlugIns\BSPSceneManager\Plugin_BSPSceneManager.vcproj", "{7C5AC1BD-DB3D-4C59-BDA4-F71D81818652}"
EndProject
Project("{8BC9CEB8-8B4A-11D0-8D11-00A0C91BC942}") = "Plugin_CgProgramManager", "PlugIns\CgProgramManager\Plugin_CgProgramManager.vcproj", "{0EBBF42C-1156-4F28-A94E-0C1168E322EC}"
EndProject
Project("{8BC9CEB8-8B4A-11D0-8D11-00A0C91BC942}") = "Plugin_OctreeSceneManager", "PlugIns\OctreeSceneManager\Plugin_OctreeSceneManager.vcproj", "{7DBF868F-4A98-49BB-8076-3B347282B2D9}"
EndProject
Project("{8BC9CEB8-8B4A-11D0-8D11-00A0C91BC942}") = "Plugin_OctreeZone", "PlugIns\OctreeZone\Plugin_OctreeZone.vcproj", "{ED125F9B-04D8-4F2C-9E15-4E11BC3AA53D}"
EndProject
Project("{8BC9CEB8-8B4A-11D0-8D11-00A0C91BC942}") = "Plugin_ParticleFX", "PlugIns\ParticleFX\Plugin_ParticleFX.vcproj", "{E18E9EDF-7214-4D5F-8E1B-AC28CF716676}"
EndProject
Project("{8BC9CEB8-8B4A-11D0-8D11-00A0C91BC942}") = "Plugin_PCZSceneManager", "PlugIns\PCZSceneManager\Plugin_PCZSceneManager.vcproj", "{F00C8410-131F-4218-8350-44D1F2DF459D}"
EndProject
Project("{8BC9CEB8-8B4A-11D0-8D11-00A0C91BC942}") = "OgrePaging", "Components\Paging\OgrePaging.vcproj", "{8FE84603-F2F2-47B9-B5BE-3ACC7604A2CD}"
EndProject
Project("{8BC9CEB8-8B4A-11D0-8D11-00A0C91BC942}") = "OgreRTShaderSystem", "Components\RTShaderSystem\OgreRTShaderSystem.vcproj", "{3AA2ACDC-46FE-4BE3-A508-1FB79CE8B7DC}"
EndProject
Project("{8BC9CEB8-8B4A-11D0-8D11-00A0C91BC942}") = "OgreTerrain", "Components\Terrain\OgreTerrain.vcproj", "{3BA7595D-F79E-4757-8C1C-2FC543FE5A92}"
EndProject
Global
	GlobalSection(SolutionConfigurationPlatforms) = preSolution
		Debug|Win32 = Debug|Win32
		MinSizeRel|Win32 = MinSizeRel|Win32
		Release|Win32 = Release|Win32
		RelWithDebInfo|Win32 = RelWithDebInfo|Win32
	EndGlobalSection
	GlobalSection(ProjectConfigurationPlatforms) = postSolution
		{7CD489DE-0F37-4F6D-8621-9D4365602CA8}.Debug|Win32.ActiveCfg = Debug|Win32
		{7CD489DE-0F37-4F6D-8621-9D4365602CA8}.Debug|Win32.Build.0 = Debug|Win32
		{7CD489DE-0F37-4F6D-8621-9D4365602CA8}.MinSizeRel|Win32.ActiveCfg = MinSizeRel|Win32
		{7CD489DE-0F37-4F6D-8621-9D4365602CA8}.MinSizeRel|Win32.Build.0 = MinSizeRel|Win32
		{7CD489DE-0F37-4F6D-8621-9D4365602CA8}.Release|Win32.ActiveCfg = Release|Win32
		{7CD489DE-0F37-4F6D-8621-9D4365602CA8}.Release|Win32.Build.0 = Release|Win32
		{7CD489DE-0F37-4F6D-8621-9D4365602CA8}.RelWithDebInfo|Win32.ActiveCfg = RelWithDebInfo|Win32
		{7CD489DE-0F37-4F6D-8621-9D4365602CA8}.RelWithDebInfo|Win32.Build.0 = RelWithDebInfo|Win32
		{9A3E7A3D-AF8D-41B7-906C-65AFF4016771}.Debug|Win32.ActiveCfg = Debug|Win32
		{9A3E7A3D-AF8D-41B7-906C-65AFF4016771}.Debug|Win32.Build.0 = Debug|Win32
		{9A3E7A3D-AF8D-41B7-906C-65AFF4016771}.MinSizeRel|Win32.ActiveCfg = MinSizeRel|Win32
		{9A3E7A3D-AF8D-41B7-906C-65AFF4016771}.MinSizeRel|Win32.Build.0 = MinSizeRel|Win32
		{9A3E7A3D-AF8D-41B7-906C-65AFF4016771}.Release|Win32.ActiveCfg = Release|Win32
		{9A3E7A3D-AF8D-41B7-906C-65AFF4016771}.Release|Win32.Build.0 = Release|Win32
		{9A3E7A3D-AF8D-41B7-906C-65AFF4016771}.RelWithDebInfo|Win32.ActiveCfg = RelWithDebInfo|Win32
		{9A3E7A3D-AF8D-41B7-906C-65AFF4016771}.RelWithDebInfo|Win32.Build.0 = RelWithDebInfo|Win32
		{89323A75-D058-4C6F-8CA8-BCD824815116}.Debug|Win32.ActiveCfg = Debug|Win32
		{89323A75-D058-4C6F-8CA8-BCD824815116}.Debug|Win32.Build.0 = Debug|Win32
		{89323A75-D058-4C6F-8CA8-BCD824815116}.MinSizeRel|Win32.ActiveCfg = MinSizeRel|Win32
		{89323A75-D058-4C6F-8CA8-BCD824815116}.MinSizeRel|Win32.Build.0 = MinSizeRel|Win32
		{89323A75-D058-4C6F-8CA8-BCD824815116}.Release|Win32.ActiveCfg = Release|Win32
		{89323A75-D058-4C6F-8CA8-BCD824815116}.Release|Win32.Build.0 = Release|Win32
		{89323A75-D058-4C6F-8CA8-BCD824815116}.RelWithDebInfo|Win32.ActiveCfg = RelWithDebInfo|Win32
		{89323A75-D058-4C6F-8CA8-BCD824815116}.RelWithDebInfo|Win32.Build.0 = RelWithDebInfo|Win32
		{D12F978B-3285-44A7-9F06-FCF387923F4F}.Debug|Win32.ActiveCfg = Debug|Win32
		{D12F978B-3285-44A7-9F06-FCF387923F4F}.Debug|Win32.Build.0 = Debug|Win32
		{D12F978B-3285-44A7-9F06-FCF387923F4F}.MinSizeRel|Win32.ActiveCfg = MinSizeRel|Win32
		{D12F978B-3285-44A7-9F06-FCF387923F4F}.MinSizeRel|Win32.Build.0 = MinSizeRel|Win32
		{D12F978B-3285-44A7-9F06-FCF387923F4F}.Release|Win32.ActiveCfg = Release|Win32
		{D12F978B-3285-44A7-9F06-FCF387923F4F}.Release|Win32.Build.0 = Release|Win32
		{D12F978B-3285-44A7-9F06-FCF387923F4F}.RelWithDebInfo|Win32.ActiveCfg = RelWithDebInfo|Win32
		{D12F978B-3285-44A7-9F06-FCF387923F4F}.RelWithDebInfo|Win32.Build.0 = RelWithDebInfo|Win32
		{CCF7C7D8-A2B5-41C5-A57B-E8B4BB512365}.Debug|Win32.ActiveCfg = Debug|Win32
		{CCF7C7D8-A2B5-41C5-A57B-E8B4BB512365}.Debug|Win32.Build.0 = Debug|Win32
		{CCF7C7D8-A2B5-41C5-A57B-E8B4BB512365}.MinSizeRel|Win32.ActiveCfg = MinSizeRel|Win32
		{CCF7C7D8-A2B5-41C5-A57B-E8B4BB512365}.MinSizeRel|Win32.Build.0 = MinSizeRel|Win32
		{CCF7C7D8-A2B5-41C5-A57B-E8B4BB512365}.Release|Win32.ActiveCfg = Release|Win32
		{CCF7C7D8-A2B5-41C5-A57B-E8B4BB512365}.Release|Win32.Build.0 = Release|Win32
		{CCF7C7D8-A2B5-41C5-A57B-E8B4BB512365}.RelWithDebInfo|Win32.ActiveCfg = RelWithDebInfo|Win32
		{CCF7C7D8-A2B5-41C5-A57B-E8B4BB512365}.RelWithDebInfo|Win32.Build.0 = RelWithDebInfo|Win32
		{2787A409-685E-42E2-918B-EBBF70927CBE}.Debug|Win32.ActiveCfg = Debug|Win32
		{2787A409-685E-42E2-918B-EBBF70927CBE}.Debug|Win32.Build.0 = Debug|Win32
		{2787A409-685E-42E2-918B-EBBF70927CBE}.MinSizeRel|Win32.ActiveCfg = MinSizeRel|Win32
		{2787A409-685E-42E2-918B-EBBF70927CBE}.MinSizeRel|Win32.Build.0 = MinSizeRel|Win32
		{2787A409-685E-42E2-918B-EBBF70927CBE}.Release|Win32.ActiveCfg = Release|Win32
		{2787A409-685E-42E2-918B-EBBF70927CBE}.Release|Win32.Build.0 = Release|Win32
		{2787A409-685E-42E2-918B-EBBF70927CBE}.RelWithDebInfo|Win32.ActiveCfg = RelWithDebInfo|Win32
		{2787A409-685E-42E2-918B-EBBF70927CBE}.RelWithDebInfo|Win32.Build.0 = RelWithDebInfo|Win32
		{F0F5462B-6556-42A1-8637-9A528E32BD17}.Debug|Win32.ActiveCfg = Debug|Win32
		{F0F5462B-6556-42A1-8637-9A528E32BD17}.Debug|Win32.Build.0 = Debug|Win32
		{F0F5462B-6556-42A1-8637-9A528E32BD17}.MinSizeRel|Win32.ActiveCfg = MinSizeRel|Win32
		{F0F5462B-6556-42A1-8637-9A528E32BD17}.MinSizeRel|Win32.Build.0 = MinSizeRel|Win32
		{F0F5462B-6556-42A1-8637-9A528E32BD17}.Release|Win32.ActiveCfg = Release|Win32
		{F0F5462B-6556-42A1-8637-9A528E32BD17}.Release|Win32.Build.0 = Release|Win32
		{F0F5462B-6556-42A1-8637-9A528E32BD17}.RelWithDebInfo|Win32.ActiveCfg = RelWithDebInfo|Win32
		{F0F5462B-6556-42A1-8637-9A528E32BD17}.RelWithDebInfo|Win32.Build.0 = RelWithDebInfo|Win32
		{0D112638-536D-4C18-9289-50BE3E86077E}.Debug|Win32.ActiveCfg = Debug|Win32
		{0D112638-536D-4C18-9289-50BE3E86077E}.Debug|Win32.Build.0 = Debug|Win32
		{0D112638-536D-4C18-9289-50BE3E86077E}.MinSizeRel|Win32.ActiveCfg = MinSizeRel|Win32
		{0D112638-536D-4C18-9289-50BE3E86077E}.MinSizeRel|Win32.Build.0 = MinSizeRel|Win32
		{0D112638-536D-4C18-9289-50BE3E86077E}.Release|Win32.ActiveCfg = Release|Win32
		{0D112638-536D-4C18-9289-50BE3E86077E}.Release|Win32.Build.0 = Release|Win32
		{0D112638-536D-4C18-9289-50BE3E86077E}.RelWithDebInfo|Win32.ActiveCfg = RelWithDebInfo|Win32
		{0D112638-536D-4C18-9289-50BE3E86077E}.RelWithDebInfo|Win32.Build.0 = RelWithDebInfo|Win32
		{4022AF0E-FAD5-4A79-B473-15830BE5146B}.Debug|Win32.ActiveCfg = Debug|Win32
		{4022AF0E-FAD5-4A79-B473-15830BE5146B}.Debug|Win32.Build.0 = Debug|Win32
		{4022AF0E-FAD5-4A79-B473-15830BE5146B}.MinSizeRel|Win32.ActiveCfg = MinSizeRel|Win32
		{4022AF0E-FAD5-4A79-B473-15830BE5146B}.MinSizeRel|Win32.Build.0 = MinSizeRel|Win32
		{4022AF0E-FAD5-4A79-B473-15830BE5146B}.Release|Win32.ActiveCfg = Release|Win32
		{4022AF0E-FAD5-4A79-B473-15830BE5146B}.Release|Win32.Build.0 = Release|Win32
		{4022AF0E-FAD5-4A79-B473-15830BE5146B}.RelWithDebInfo|Win32.ActiveCfg = RelWithDebInfo|Win32
		{4022AF0E-FAD5-4A79-B473-15830BE5146B}.RelWithDebInfo|Win32.Build.0 = RelWithDebInfo|Win32
		{F8379059-35ED-4FB2-ACC1-F242981A517A}.Debug|Win32.ActiveCfg = Debug|Win32
		{F8379059-35ED-4FB2-ACC1-F242981A517A}.Debug|Win32.Build.0 = Debug|Win32
		{F8379059-35ED-4FB2-ACC1-F242981A517A}.MinSizeRel|Win32.ActiveCfg = MinSizeRel|Win32
		{F8379059-35ED-4FB2-ACC1-F242981A517A}.MinSizeRel|Win32.Build.0 = MinSizeRel|Win32
		{F8379059-35ED-4FB2-ACC1-F242981A517A}.Release|Win32.ActiveCfg = Release|Win32
		{F8379059-35ED-4FB2-ACC1-F242981A517A}.Release|Win32.Build.0 = Release|Win32
		{F8379059-35ED-4FB2-ACC1-F242981A517A}.RelWithDebInfo|Win32.ActiveCfg = RelWithDebInfo|Win32
		{F8379059-35ED-4FB2-ACC1-F242981A517A}.RelWithDebInfo|Win32.Build.0 = RelWithDebInfo|Win32
		{62C6A904-D8B9-4A45-B86F-D6941D219C44}.Debug|Win32.ActiveCfg = Debug|Win32
		{62C6A904-D8B9-4A45-B86F-D6941D219C44}.Debug|Win32.Build.0 = Debug|Win32
		{62C6A904-D8B9-4A45-B86F-D6941D219C44}.MinSizeRel|Win32.ActiveCfg = MinSizeRel|Win32
		{62C6A904-D8B9-4A45-B86F-D6941D219C44}.MinSizeRel|Win32.Build.0 = MinSizeRel|Win32
		{62C6A904-D8B9-4A45-B86F-D6941D219C44}.Release|Win32.ActiveCfg = Release|Win32
		{62C6A904-D8B9-4A45-B86F-D6941D219C44}.Release|Win32.Build.0 = Release|Win32
		{62C6A904-D8B9-4A45-B86F-D6941D219C44}.RelWithDebInfo|Win32.ActiveCfg = RelWithDebInfo|Win32
		{62C6A904-D8B9-4A45-B86F-D6941D219C44}.RelWithDebInfo|Win32.Build.0 = RelWithDebInfo|Win32
		{32695119-EB85-4C9C-A025-BE6CAE4EC919}.Debug|Win32.ActiveCfg = Debug|Win32
		{32695119-EB85-4C9C-A025-BE6CAE4EC919}.Debug|Win32.Build.0 = Debug|Win32
		{32695119-EB85-4C9C-A025-BE6CAE4EC919}.MinSizeRel|Win32.ActiveCfg = MinSizeRel|Win32
		{32695119-EB85-4C9C-A025-BE6CAE4EC919}.MinSizeRel|Win32.Build.0 = MinSizeRel|Win32
		{32695119-EB85-4C9C-A025-BE6CAE4EC919}.Release|Win32.ActiveCfg = Release|Win32
		{32695119-EB85-4C9C-A025-BE6CAE4EC919}.Release|Win32.Build.0 = Release|Win32
		{32695119-EB85-4C9C-A025-BE6CAE4EC919}.RelWithDebInfo|Win32.ActiveCfg = RelWithDebInfo|Win32
		{32695119-EB85-4C9C-A025-BE6CAE4EC919}.RelWithDebInfo|Win32.Build.0 = RelWithDebInfo|Win32
		{948042C7-F3C9-4AD3-9A04-BE7F32BC7CAC}.Debug|Win32.ActiveCfg = Debug|Win32
		{948042C7-F3C9-4AD3-9A04-BE7F32BC7CAC}.Debug|Win32.Build.0 = Debug|Win32
		{948042C7-F3C9-4AD3-9A04-BE7F32BC7CAC}.MinSizeRel|Win32.ActiveCfg = MinSizeRel|Win32
		{948042C7-F3C9-4AD3-9A04-BE7F32BC7CAC}.MinSizeRel|Win32.Build.0 = MinSizeRel|Win32
		{948042C7-F3C9-4AD3-9A04-BE7F32BC7CAC}.Release|Win32.ActiveCfg = Release|Win32
		{948042C7-F3C9-4AD3-9A04-BE7F32BC7CAC}.Release|Win32.Build.0 = Release|Win32
		{948042C7-F3C9-4AD3-9A04-BE7F32BC7CAC}.RelWithDebInfo|Win32.ActiveCfg = RelWithDebInfo|Win32
		{948042C7-F3C9-4AD3-9A04-BE7F32BC7CAC}.RelWithDebInfo|Win32.Build.0 = RelWithDebInfo|Win32
		{19492A07-1CCF-4410-A282-00298A000B4D}.Debug|Win32.ActiveCfg = Debug|Win32
		{19492A07-1CCF-4410-A282-00298A000B4D}.Debug|Win32.Build.0 = Debug|Win32
		{19492A07-1CCF-4410-A282-00298A000B4D}.MinSizeRel|Win32.ActiveCfg = MinSizeRel|Win32
		{19492A07-1CCF-4410-A282-00298A000B4D}.MinSizeRel|Win32.Build.0 = MinSizeRel|Win32
		{19492A07-1CCF-4410-A282-00298A000B4D}.Release|Win32.ActiveCfg = Release|Win32
		{19492A07-1CCF-4410-A282-00298A000B4D}.Release|Win32.Build.0 = Release|Win32
		{19492A07-1CCF-4410-A282-00298A000B4D}.RelWithDebInfo|Win32.ActiveCfg = RelWithDebInfo|Win32
		{19492A07-1CCF-4410-A282-00298A000B4D}.RelWithDebInfo|Win32.Build.0 = RelWithDebInfo|Win32
		{750B64FA-37BB-49E6-A666-21DF9A5BC169}.Debug|Win32.ActiveCfg = Debug|Win32
		{750B64FA-37BB-49E6-A666-21DF9A5BC169}.Debug|Win32.Build.0 = Debug|Win32
		{750B64FA-37BB-49E6-A666-21DF9A5BC169}.MinSizeRel|Win32.ActiveCfg = MinSizeRel|Win32
		{750B64FA-37BB-49E6-A666-21DF9A5BC169}.MinSizeRel|Win32.Build.0 = MinSizeRel|Win32
		{750B64FA-37BB-49E6-A666-21DF9A5BC169}.Release|Win32.ActiveCfg = Release|Win32
		{750B64FA-37BB-49E6-A666-21DF9A5BC169}.Release|Win32.Build.0 = Release|Win32
		{750B64FA-37BB-49E6-A666-21DF9A5BC169}.RelWithDebInfo|Win32.ActiveCfg = RelWithDebInfo|Win32
		{750B64FA-37BB-49E6-A666-21DF9A5BC169}.RelWithDebInfo|Win32.Build.0 = RelWithDebInfo|Win32
		{CEABD8E9-0ED2-4647-96AC-5766114BF214}.Debug|Win32.ActiveCfg = Debug|Win32
		{CEABD8E9-0ED2-4647-96AC-5766114BF214}.Debug|Win32.Build.0 = Debug|Win32
		{CEABD8E9-0ED2-4647-96AC-5766114BF214}.MinSizeRel|Win32.ActiveCfg = MinSizeRel|Win32
		{CEABD8E9-0ED2-4647-96AC-5766114BF214}.MinSizeRel|Win32.Build.0 = MinSizeRel|Win32
		{CEABD8E9-0ED2-4647-96AC-5766114BF214}.Release|Win32.ActiveCfg = Release|Win32
		{CEABD8E9-0ED2-4647-96AC-5766114BF214}.Release|Win32.Build.0 = Release|Win32
		{CEABD8E9-0ED2-4647-96AC-5766114BF214}.RelWithDebInfo|Win32.ActiveCfg = RelWithDebInfo|Win32
		{CEABD8E9-0ED2-4647-96AC-5766114BF214}.RelWithDebInfo|Win32.Build.0 = RelWithDebInfo|Win32
		{74401BDA-52C3-4630-AF74-D8AE8BC0336F}.Debug|Win32.ActiveCfg = Debug|Win32
		{74401BDA-52C3-4630-AF74-D8AE8BC0336F}.Debug|Win32.Build.0 = Debug|Win32
		{74401BDA-52C3-4630-AF74-D8AE8BC0336F}.MinSizeRel|Win32.ActiveCfg = MinSizeRel|Win32
		{74401BDA-52C3-4630-AF74-D8AE8BC0336F}.MinSizeRel|Win32.Build.0 = MinSizeRel|Win32
		{74401BDA-52C3-4630-AF74-D8AE8BC0336F}.Release|Win32.ActiveCfg = Release|Win32
		{74401BDA-52C3-4630-AF74-D8AE8BC0336F}.Release|Win32.Build.0 = Release|Win32
		{74401BDA-52C3-4630-AF74-D8AE8BC0336F}.RelWithDebInfo|Win32.ActiveCfg = RelWithDebInfo|Win32
		{74401BDA-52C3-4630-AF74-D8AE8BC0336F}.RelWithDebInfo|Win32.Build.0 = RelWithDebInfo|Win32
		{3AFB30B7-3BFB-42D3-8EE1-81C75ED4CFC6}.Debug|Win32.ActiveCfg = Debug|Win32
		{3AFB30B7-3BFB-42D3-8EE1-81C75ED4CFC6}.Debug|Win32.Build.0 = Debug|Win32
		{3AFB30B7-3BFB-42D3-8EE1-81C75ED4CFC6}.MinSizeRel|Win32.ActiveCfg = MinSizeRel|Win32
		{3AFB30B7-3BFB-42D3-8EE1-81C75ED4CFC6}.MinSizeRel|Win32.Build.0 = MinSizeRel|Win32
		{3AFB30B7-3BFB-42D3-8EE1-81C75ED4CFC6}.Release|Win32.ActiveCfg = Release|Win32
		{3AFB30B7-3BFB-42D3-8EE1-81C75ED4CFC6}.Release|Win32.Build.0 = Release|Win32
		{3AFB30B7-3BFB-42D3-8EE1-81C75ED4CFC6}.RelWithDebInfo|Win32.ActiveCfg = RelWithDebInfo|Win32
		{3AFB30B7-3BFB-42D3-8EE1-81C75ED4CFC6}.RelWithDebInfo|Win32.Build.0 = RelWithDebInfo|Win32
		{87E60C9B-2552-4E5C-867F-97023D58218E}.Debug|Win32.ActiveCfg = Debug|Win32
		{87E60C9B-2552-4E5C-867F-97023D58218E}.Debug|Win32.Build.0 = Debug|Win32
		{87E60C9B-2552-4E5C-867F-97023D58218E}.MinSizeRel|Win32.ActiveCfg = MinSizeRel|Win32
		{87E60C9B-2552-4E5C-867F-97023D58218E}.MinSizeRel|Win32.Build.0 = MinSizeRel|Win32
		{87E60C9B-2552-4E5C-867F-97023D58218E}.Release|Win32.ActiveCfg = Release|Win32
		{87E60C9B-2552-4E5C-867F-97023D58218E}.Release|Win32.Build.0 = Release|Win32
		{87E60C9B-2552-4E5C-867F-97023D58218E}.RelWithDebInfo|Win32.ActiveCfg = RelWithDebInfo|Win32
		{87E60C9B-2552-4E5C-867F-97023D58218E}.RelWithDebInfo|Win32.Build.0 = RelWithDebInfo|Win32
		{ABA7E49D-D4BE-4785-B720-955E2AA6F8DE}.Debug|Win32.ActiveCfg = Debug|Win32
		{ABA7E49D-D4BE-4785-B720-955E2AA6F8DE}.Debug|Win32.Build.0 = Debug|Win32
		{ABA7E49D-D4BE-4785-B720-955E2AA6F8DE}.MinSizeRel|Win32.ActiveCfg = MinSizeRel|Win32
		{ABA7E49D-D4BE-4785-B720-955E2AA6F8DE}.MinSizeRel|Win32.Build.0 = MinSizeRel|Win32
		{ABA7E49D-D4BE-4785-B720-955E2AA6F8DE}.Release|Win32.ActiveCfg = Release|Win32
		{ABA7E49D-D4BE-4785-B720-955E2AA6F8DE}.Release|Win32.Build.0 = Release|Win32
		{ABA7E49D-D4BE-4785-B720-955E2AA6F8DE}.RelWithDebInfo|Win32.ActiveCfg = RelWithDebInfo|Win32
		{ABA7E49D-D4BE-4785-B720-955E2AA6F8DE}.RelWithDebInfo|Win32.Build.0 = RelWithDebInfo|Win32
		{E21DDBEC-0308-4084-83F3-9FAE3DA52F7E}.Debug|Win32.ActiveCfg = Debug|Win32
		{E21DDBEC-0308-4084-83F3-9FAE3DA52F7E}.Debug|Win32.Build.0 = Debug|Win32
		{E21DDBEC-0308-4084-83F3-9FAE3DA52F7E}.MinSizeRel|Win32.ActiveCfg = MinSizeRel|Win32
		{E21DDBEC-0308-4084-83F3-9FAE3DA52F7E}.MinSizeRel|Win32.Build.0 = MinSizeRel|Win32
		{E21DDBEC-0308-4084-83F3-9FAE3DA52F7E}.Release|Win32.ActiveCfg = Release|Win32
		{E21DDBEC-0308-4084-83F3-9FAE3DA52F7E}.Release|Win32.Build.0 = Release|Win32
		{E21DDBEC-0308-4084-83F3-9FAE3DA52F7E}.RelWithDebInfo|Win32.ActiveCfg = RelWithDebInfo|Win32
		{E21DDBEC-0308-4084-83F3-9FAE3DA52F7E}.RelWithDebInfo|Win32.Build.0 = RelWithDebInfo|Win32
		{248A9034-AA6B-4931-A26F-917F06A6C64D}.Debug|Win32.ActiveCfg = Debug|Win32
		{248A9034-AA6B-4931-A26F-917F06A6C64D}.Debug|Win32.Build.0 = Debug|Win32
		{248A9034-AA6B-4931-A26F-917F06A6C64D}.MinSizeRel|Win32.ActiveCfg = MinSizeRel|Win32
		{248A9034-AA6B-4931-A26F-917F06A6C64D}.MinSizeRel|Win32.Build.0 = MinSizeRel|Win32
		{248A9034-AA6B-4931-A26F-917F06A6C64D}.Release|Win32.ActiveCfg = Release|Win32
		{248A9034-AA6B-4931-A26F-917F06A6C64D}.Release|Win32.Build.0 = Release|Win32
		{248A9034-AA6B-4931-A26F-917F06A6C64D}.RelWithDebInfo|Win32.ActiveCfg = RelWithDebInfo|Win32
		{248A9034-AA6B-4931-A26F-917F06A6C64D}.RelWithDebInfo|Win32.Build.0 = RelWithDebInfo|Win32
		{84952606-3C97-4500-829D-937B6E4992BC}.Debug|Win32.ActiveCfg = Debug|Win32
		{84952606-3C97-4500-829D-937B6E4992BC}.Debug|Win32.Build.0 = Debug|Win32
		{84952606-3C97-4500-829D-937B6E4992BC}.MinSizeRel|Win32.ActiveCfg = MinSizeRel|Win32
		{84952606-3C97-4500-829D-937B6E4992BC}.MinSizeRel|Win32.Build.0 = MinSizeRel|Win32
		{84952606-3C97-4500-829D-937B6E4992BC}.Release|Win32.ActiveCfg = Release|Win32
		{84952606-3C97-4500-829D-937B6E4992BC}.Release|Win32.Build.0 = Release|Win32
		{84952606-3C97-4500-829D-937B6E4992BC}.RelWithDebInfo|Win32.ActiveCfg = RelWithDebInfo|Win32
		{84952606-3C97-4500-829D-937B6E4992BC}.RelWithDebInfo|Win32.Build.0 = RelWithDebInfo|Win32
		{E34EFE46-D072-4129-AB35-2BD1187AAE0E}.Debug|Win32.ActiveCfg = Debug|Win32
		{E34EFE46-D072-4129-AB35-2BD1187AAE0E}.Debug|Win32.Build.0 = Debug|Win32
		{E34EFE46-D072-4129-AB35-2BD1187AAE0E}.MinSizeRel|Win32.ActiveCfg = MinSizeRel|Win32
		{E34EFE46-D072-4129-AB35-2BD1187AAE0E}.MinSizeRel|Win32.Build.0 = MinSizeRel|Win32
		{E34EFE46-D072-4129-AB35-2BD1187AAE0E}.Release|Win32.ActiveCfg = Release|Win32
		{E34EFE46-D072-4129-AB35-2BD1187AAE0E}.Release|Win32.Build.0 = Release|Win32
		{E34EFE46-D072-4129-AB35-2BD1187AAE0E}.RelWithDebInfo|Win32.ActiveCfg = RelWithDebInfo|Win32
		{E34EFE46-D072-4129-AB35-2BD1187AAE0E}.RelWithDebInfo|Win32.Build.0 = RelWithDebInfo|Win32
		{9EA5E2EE-8BCE-4451-9908-A2AF39FCDD4C}.Debug|Win32.ActiveCfg = Debug|Win32
		{9EA5E2EE-8BCE-4451-9908-A2AF39FCDD4C}.Debug|Win32.Build.0 = Debug|Win32
		{9EA5E2EE-8BCE-4451-9908-A2AF39FCDD4C}.MinSizeRel|Win32.ActiveCfg = MinSizeRel|Win32
		{9EA5E2EE-8BCE-4451-9908-A2AF39FCDD4C}.MinSizeRel|Win32.Build.0 = MinSizeRel|Win32
		{9EA5E2EE-8BCE-4451-9908-A2AF39FCDD4C}.Release|Win32.ActiveCfg = Release|Win32
		{9EA5E2EE-8BCE-4451-9908-A2AF39FCDD4C}.Release|Win32.Build.0 = Release|Win32
		{9EA5E2EE-8BCE-4451-9908-A2AF39FCDD4C}.RelWithDebInfo|Win32.ActiveCfg = RelWithDebInfo|Win32
		{9EA5E2EE-8BCE-4451-9908-A2AF39FCDD4C}.RelWithDebInfo|Win32.Build.0 = RelWithDebInfo|Win32
		{354FBA78-4272-428D-B0F6-8A9206BA0E77}.Debug|Win32.ActiveCfg = Debug|Win32
		{354FBA78-4272-428D-B0F6-8A9206BA0E77}.Debug|Win32.Build.0 = Debug|Win32
		{354FBA78-4272-428D-B0F6-8A9206BA0E77}.MinSizeRel|Win32.ActiveCfg = MinSizeRel|Win32
		{354FBA78-4272-428D-B0F6-8A9206BA0E77}.MinSizeRel|Win32.Build.0 = MinSizeRel|Win32
		{354FBA78-4272-428D-B0F6-8A9206BA0E77}.Release|Win32.ActiveCfg = Release|Win32
		{354FBA78-4272-428D-B0F6-8A9206BA0E77}.Release|Win32.Build.0 = Release|Win32
		{354FBA78-4272-428D-B0F6-8A9206BA0E77}.RelWithDebInfo|Win32.ActiveCfg = RelWithDebInfo|Win32
		{354FBA78-4272-428D-B0F6-8A9206BA0E77}.RelWithDebInfo|Win32.Build.0 = RelWithDebInfo|Win32
		{C4436F0D-2571-4A3E-90F9-1584C4F45AA5}.Debug|Win32.ActiveCfg = Debug|Win32
		{C4436F0D-2571-4A3E-90F9-1584C4F45AA5}.Debug|Win32.Build.0 = Debug|Win32
		{C4436F0D-2571-4A3E-90F9-1584C4F45AA5}.MinSizeRel|Win32.ActiveCfg = MinSizeRel|Win32
		{C4436F0D-2571-4A3E-90F9-1584C4F45AA5}.MinSizeRel|Win32.Build.0 = MinSizeRel|Win32
		{C4436F0D-2571-4A3E-90F9-1584C4F45AA5}.Release|Win32.ActiveCfg = Release|Win32
		{C4436F0D-2571-4A3E-90F9-1584C4F45AA5}.Release|Win32.Build.0 = Release|Win32
		{C4436F0D-2571-4A3E-90F9-1584C4F45AA5}.RelWithDebInfo|Win32.ActiveCfg = RelWithDebInfo|Win32
		{C4436F0D-2571-4A3E-90F9-1584C4F45AA5}.RelWithDebInfo|Win32.Build.0 = RelWithDebInfo|Win32
		{639B1A9F-DF77-4B08-A3C7-6280629FAD52}.Debug|Win32.ActiveCfg = Debug|Win32
		{639B1A9F-DF77-4B08-A3C7-6280629FAD52}.Debug|Win32.Build.0 = Debug|Win32
		{639B1A9F-DF77-4B08-A3C7-6280629FAD52}.MinSizeRel|Win32.ActiveCfg = MinSizeRel|Win32
		{639B1A9F-DF77-4B08-A3C7-6280629FAD52}.MinSizeRel|Win32.Build.0 = MinSizeRel|Win32
		{639B1A9F-DF77-4B08-A3C7-6280629FAD52}.Release|Win32.ActiveCfg = Release|Win32
		{639B1A9F-DF77-4B08-A3C7-6280629FAD52}.Release|Win32.Build.0 = Release|Win32
		{639B1A9F-DF77-4B08-A3C7-6280629FAD52}.RelWithDebInfo|Win32.ActiveCfg = RelWithDebInfo|Win32
		{639B1A9F-DF77-4B08-A3C7-6280629FAD52}.RelWithDebInfo|Win32.Build.0 = RelWithDebInfo|Win32
		{B1FACEEA-90F8-418F-857C-DEFFB12883ED}.Debug|Win32.ActiveCfg = Debug|Win32
		{B1FACEEA-90F8-418F-857C-DEFFB12883ED}.Debug|Win32.Build.0 = Debug|Win32
		{B1FACEEA-90F8-418F-857C-DEFFB12883ED}.MinSizeRel|Win32.ActiveCfg = MinSizeRel|Win32
		{B1FACEEA-90F8-418F-857C-DEFFB12883ED}.MinSizeRel|Win32.Build.0 = MinSizeRel|Win32
		{B1FACEEA-90F8-418F-857C-DEFFB12883ED}.Release|Win32.ActiveCfg = Release|Win32
		{B1FACEEA-90F8-418F-857C-DEFFB12883ED}.Release|Win32.Build.0 = Release|Win32
		{B1FACEEA-90F8-418F-857C-DEFFB12883ED}.RelWithDebInfo|Win32.ActiveCfg = RelWithDebInfo|Win32
		{B1FACEEA-90F8-418F-857C-DEFFB12883ED}.RelWithDebInfo|Win32.Build.0 = RelWithDebInfo|Win32
		{3D0D3E40-4FA5-4273-B97F-4F0332F49F10}.Debug|Win32.ActiveCfg = Debug|Win32
		{3D0D3E40-4FA5-4273-B97F-4F0332F49F10}.Debug|Win32.Build.0 = Debug|Win32
		{3D0D3E40-4FA5-4273-B97F-4F0332F49F10}.MinSizeRel|Win32.ActiveCfg = MinSizeRel|Win32
		{3D0D3E40-4FA5-4273-B97F-4F0332F49F10}.MinSizeRel|Win32.Build.0 = MinSizeRel|Win32
		{3D0D3E40-4FA5-4273-B97F-4F0332F49F10}.Release|Win32.ActiveCfg = Release|Win32
		{3D0D3E40-4FA5-4273-B97F-4F0332F49F10}.Release|Win32.Build.0 = Release|Win32
		{3D0D3E40-4FA5-4273-B97F-4F0332F49F10}.RelWithDebInfo|Win32.ActiveCfg = RelWithDebInfo|Win32
		{3D0D3E40-4FA5-4273-B97F-4F0332F49F10}.RelWithDebInfo|Win32.Build.0 = RelWithDebInfo|Win32
		{C361C2EB-5CFC-40E3-8DBA-5AE86671EFA1}.Debug|Win32.ActiveCfg = Debug|Win32
		{C361C2EB-5CFC-40E3-8DBA-5AE86671EFA1}.Debug|Win32.Build.0 = Debug|Win32
		{C361C2EB-5CFC-40E3-8DBA-5AE86671EFA1}.MinSizeRel|Win32.ActiveCfg = MinSizeRel|Win32
		{C361C2EB-5CFC-40E3-8DBA-5AE86671EFA1}.MinSizeRel|Win32.Build.0 = MinSizeRel|Win32
		{C361C2EB-5CFC-40E3-8DBA-5AE86671EFA1}.Release|Win32.ActiveCfg = Release|Win32
		{C361C2EB-5CFC-40E3-8DBA-5AE86671EFA1}.Release|Win32.Build.0 = Release|Win32
		{C361C2EB-5CFC-40E3-8DBA-5AE86671EFA1}.RelWithDebInfo|Win32.ActiveCfg = RelWithDebInfo|Win32
		{C361C2EB-5CFC-40E3-8DBA-5AE86671EFA1}.RelWithDebInfo|Win32.Build.0 = RelWithDebInfo|Win32
		{6C83C072-EE8F-4338-AD9C-B283A2073C09}.Debug|Win32.ActiveCfg = Debug|Win32
		{6C83C072-EE8F-4338-AD9C-B283A2073C09}.Debug|Win32.Build.0 = Debug|Win32
		{6C83C072-EE8F-4338-AD9C-B283A2073C09}.MinSizeRel|Win32.ActiveCfg = MinSizeRel|Win32
		{6C83C072-EE8F-4338-AD9C-B283A2073C09}.MinSizeRel|Win32.Build.0 = MinSizeRel|Win32
		{6C83C072-EE8F-4338-AD9C-B283A2073C09}.Release|Win32.ActiveCfg = Release|Win32
		{6C83C072-EE8F-4338-AD9C-B283A2073C09}.Release|Win32.Build.0 = Release|Win32
		{6C83C072-EE8F-4338-AD9C-B283A2073C09}.RelWithDebInfo|Win32.ActiveCfg = RelWithDebInfo|Win32
		{6C83C072-EE8F-4338-AD9C-B283A2073C09}.RelWithDebInfo|Win32.Build.0 = RelWithDebInfo|Win32
		{E368E695-62BD-4FFE-BA3D-2E6497CA1ECC}.Debug|Win32.ActiveCfg = Debug|Win32
		{E368E695-62BD-4FFE-BA3D-2E6497CA1ECC}.Debug|Win32.Build.0 = Debug|Win32
		{E368E695-62BD-4FFE-BA3D-2E6497CA1ECC}.MinSizeRel|Win32.ActiveCfg = MinSizeRel|Win32
		{E368E695-62BD-4FFE-BA3D-2E6497CA1ECC}.MinSizeRel|Win32.Build.0 = MinSizeRel|Win32
		{E368E695-62BD-4FFE-BA3D-2E6497CA1ECC}.Release|Win32.ActiveCfg = Release|Win32
		{E368E695-62BD-4FFE-BA3D-2E6497CA1ECC}.Release|Win32.Build.0 = Release|Win32
		{E368E695-62BD-4FFE-BA3D-2E6497CA1ECC}.RelWithDebInfo|Win32.ActiveCfg = RelWithDebInfo|Win32
		{E368E695-62BD-4FFE-BA3D-2E6497CA1ECC}.RelWithDebInfo|Win32.Build.0 = RelWithDebInfo|Win32
		{C4CE0FC1-13A8-4BEA-B2CD-FE31EB0CD0CD}.Debug|Win32.ActiveCfg = Debug|Win32
		{C4CE0FC1-13A8-4BEA-B2CD-FE31EB0CD0CD}.Debug|Win32.Build.0 = Debug|Win32
		{C4CE0FC1-13A8-4BEA-B2CD-FE31EB0CD0CD}.MinSizeRel|Win32.ActiveCfg = MinSizeRel|Win32
		{C4CE0FC1-13A8-4BEA-B2CD-FE31EB0CD0CD}.MinSizeRel|Win32.Build.0 = MinSizeRel|Win32
		{C4CE0FC1-13A8-4BEA-B2CD-FE31EB0CD0CD}.Release|Win32.ActiveCfg = Release|Win32
		{C4CE0FC1-13A8-4BEA-B2CD-FE31EB0CD0CD}.Release|Win32.Build.0 = Release|Win32
		{C4CE0FC1-13A8-4BEA-B2CD-FE31EB0CD0CD}.RelWithDebInfo|Win32.ActiveCfg = RelWithDebInfo|Win32
		{C4CE0FC1-13A8-4BEA-B2CD-FE31EB0CD0CD}.RelWithDebInfo|Win32.Build.0 = RelWithDebInfo|Win32
		{7C5AC1BD-DB3D-4C59-BDA4-F71D81818652}.Debug|Win32.ActiveCfg = Debug|Win32
		{7C5AC1BD-DB3D-4C59-BDA4-F71D81818652}.Debug|Win32.Build.0 = Debug|Win32
		{7C5AC1BD-DB3D-4C59-BDA4-F71D81818652}.MinSizeRel|Win32.ActiveCfg = MinSizeRel|Win32
		{7C5AC1BD-DB3D-4C59-BDA4-F71D81818652}.MinSizeRel|Win32.Build.0 = MinSizeRel|Win32
		{7C5AC1BD-DB3D-4C59-BDA4-F71D81818652}.Release|Win32.ActiveCfg = Release|Win32
		{7C5AC1BD-DB3D-4C59-BDA4-F71D81818652}.Release|Win32.Build.0 = Release|Win32
		{7C5AC1BD-DB3D-4C59-BDA4-F71D81818652}.RelWithDebInfo|Win32.ActiveCfg = RelWithDebInfo|Win32
		{7C5AC1BD-DB3D-4C59-BDA4-F71D81818652}.RelWithDebInfo|Win32.Build.0 = RelWithDebInfo|Win32
		{0EBBF42C-1156-4F28-A94E-0C1168E322EC}.Debug|Win32.ActiveCfg = Debug|Win32
		{0EBBF42C-1156-4F28-A94E-0C1168E322EC}.Debug|Win32.Build.0 = Debug|Win32
		{0EBBF42C-1156-4F28-A94E-0C1168E322EC}.MinSizeRel|Win32.ActiveCfg = MinSizeRel|Win32
		{0EBBF42C-1156-4F28-A94E-0C1168E322EC}.MinSizeRel|Win32.Build.0 = MinSizeRel|Win32
		{0EBBF42C-1156-4F28-A94E-0C1168E322EC}.Release|Win32.ActiveCfg = Release|Win32
		{0EBBF42C-1156-4F28-A94E-0C1168E322EC}.Release|Win32.Build.0 = Release|Win32
		{0EBBF42C-1156-4F28-A94E-0C1168E322EC}.RelWithDebInfo|Win32.ActiveCfg = RelWithDebInfo|Win32
		{0EBBF42C-1156-4F28-A94E-0C1168E322EC}.RelWithDebInfo|Win32.Build.0 = RelWithDebInfo|Win32
		{7DBF868F-4A98-49BB-8076-3B347282B2D9}.Debug|Win32.ActiveCfg = Debug|Win32
		{7DBF868F-4A98-49BB-8076-3B347282B2D9}.Debug|Win32.Build.0 = Debug|Win32
		{7DBF868F-4A98-49BB-8076-3B347282B2D9}.MinSizeRel|Win32.ActiveCfg = MinSizeRel|Win32
		{7DBF868F-4A98-49BB-8076-3B347282B2D9}.MinSizeRel|Win32.Build.0 = MinSizeRel|Win32
		{7DBF868F-4A98-49BB-8076-3B347282B2D9}.Release|Win32.ActiveCfg = Release|Win32
		{7DBF868F-4A98-49BB-8076-3B347282B2D9}.Release|Win32.Build.0 = Release|Win32
		{7DBF868F-4A98-49BB-8076-3B347282B2D9}.RelWithDebInfo|Win32.ActiveCfg = RelWithDebInfo|Win32
		{7DBF868F-4A98-49BB-8076-3B347282B2D9}.RelWithDebInfo|Win32.Build.0 = RelWithDebInfo|Win32
		{ED125F9B-04D8-4F2C-9E15-4E11BC3AA53D}.Debug|Win32.ActiveCfg = Debug|Win32
		{ED125F9B-04D8-4F2C-9E15-4E11BC3AA53D}.Debug|Win32.Build.0 = Debug|Win32
		{ED125F9B-04D8-4F2C-9E15-4E11BC3AA53D}.MinSizeRel|Win32.ActiveCfg = MinSizeRel|Win32
		{ED125F9B-04D8-4F2C-9E15-4E11BC3AA53D}.MinSizeRel|Win32.Build.0 = MinSizeRel|Win32
		{ED125F9B-04D8-4F2C-9E15-4E11BC3AA53D}.Release|Win32.ActiveCfg = Release|Win32
		{ED125F9B-04D8-4F2C-9E15-4E11BC3AA53D}.Release|Win32.Build.0 = Release|Win32
		{ED125F9B-04D8-4F2C-9E15-4E11BC3AA53D}.RelWithDebInfo|Win32.ActiveCfg = RelWithDebInfo|Win32
		{ED125F9B-04D8-4F2C-9E15-4E11BC3AA53D}.RelWithDebInfo|Win32.Build.0 = RelWithDebInfo|Win32
		{E18E9EDF-7214-4D5F-8E1B-AC28CF716676}.Debug|Win32.ActiveCfg = Debug|Win32
		{E18E9EDF-7214-4D5F-8E1B-AC28CF716676}.Debug|Win32.Build.0 = Debug|Win32
		{E18E9EDF-7214-4D5F-8E1B-AC28CF716676}.MinSizeRel|Win32.ActiveCfg = MinSizeRel|Win32
		{E18E9EDF-7214-4D5F-8E1B-AC28CF716676}.MinSizeRel|Win32.Build.0 = MinSizeRel|Win32
		{E18E9EDF-7214-4D5F-8E1B-AC28CF716676}.Release|Win32.ActiveCfg = Release|Win32
		{E18E9EDF-7214-4D5F-8E1B-AC28CF716676}.Release|Win32.Build.0 = Release|Win32
		{E18E9EDF-7214-4D5F-8E1B-AC28CF716676}.RelWithDebInfo|Win32.ActiveCfg = RelWithDebInfo|Win32
		{E18E9EDF-7214-4D5F-8E1B-AC28CF716676}.RelWithDebInfo|Win32.Build.0 = RelWithDebInfo|Win32
		{F00C8410-131F-4218-8350-44D1F2DF459D}.Debug|Win32.ActiveCfg = Debug|Win32
		{F00C8410-131F-4218-8350-44D1F2DF459D}.Debug|Win32.Build.0 = Debug|Win32
		{F00C8410-131F-4218-8350-44D1F2DF459D}.MinSizeRel|Win32.ActiveCfg = MinSizeRel|Win32
		{F00C8410-131F-4218-8350-44D1F2DF459D}.MinSizeRel|Win32.Build.0 = MinSizeRel|Win32
		{F00C8410-131F-4218-8350-44D1F2DF459D}.Release|Win32.ActiveCfg = Release|Win32
		{F00C8410-131F-4218-8350-44D1F2DF459D}.Release|Win32.Build.0 = Release|Win32
		{F00C8410-131F-4218-8350-44D1F2DF459D}.RelWithDebInfo|Win32.ActiveCfg = RelWithDebInfo|Win32
		{F00C8410-131F-4218-8350-44D1F2DF459D}.RelWithDebInfo|Win32.Build.0 = RelWithDebInfo|Win32
		{8FE84603-F2F2-47B9-B5BE-3ACC7604A2CD}.Debug|Win32.ActiveCfg = Debug|Win32
		{8FE84603-F2F2-47B9-B5BE-3ACC7604A2CD}.Debug|Win32.Build.0 = Debug|Win32
		{8FE84603-F2F2-47B9-B5BE-3ACC7604A2CD}.MinSizeRel|Win32.ActiveCfg = MinSizeRel|Win32
		{8FE84603-F2F2-47B9-B5BE-3ACC7604A2CD}.MinSizeRel|Win32.Build.0 = MinSizeRel|Win32
		{8FE84603-F2F2-47B9-B5BE-3ACC7604A2CD}.Release|Win32.ActiveCfg = Release|Win32
		{8FE84603-F2F2-47B9-B5BE-3ACC7604A2CD}.Release|Win32.Build.0 = Release|Win32
		{8FE84603-F2F2-47B9-B5BE-3ACC7604A2CD}.RelWithDebInfo|Win32.ActiveCfg = RelWithDebInfo|Win32
		{8FE84603-F2F2-47B9-B5BE-3ACC7604A2CD}.RelWithDebInfo|Win32.Build.0 = RelWithDebInfo|Win32
		{3AA2ACDC-46FE-4BE3-A508-1FB79CE8B7DC}.Debug|Win32.ActiveCfg = Debug|Win32
		{3AA2ACDC-46FE-4BE3-A508-1FB79CE8B7DC}.Debug|Win32.Build.0 = Debug|Win32
		{3AA2ACDC-46FE-4BE3-A508-1FB79CE8B7DC}.MinSizeRel|Win32.ActiveCfg = MinSizeRel|Win32
		{3AA2ACDC-46FE-4BE3-A508-1FB79CE8B7DC}.MinSizeRel|Win32.Build.0 = MinSizeRel|Win32
		{3AA2ACDC-46FE-4BE3-A508-1FB79CE8B7DC}.Release|Win32.ActiveCfg = Release|Win32
		{3AA2ACDC-46FE-4BE3-A508-1FB79CE8B7DC}.Release|Win32.Build.0 = Release|Win32
		{3AA2ACDC-46FE-4BE3-A508-1FB79CE8B7DC}.RelWithDebInfo|Win32.ActiveCfg = RelWithDebInfo|Win32
		{3AA2ACDC-46FE-4BE3-A508-1FB79CE8B7DC}.RelWithDebInfo|Win32.Build.0 = RelWithDebInfo|Win32
		{3BA7595D-F79E-4757-8C1C-2FC543FE5A92}.Debug|Win32.ActiveCfg = Debug|Win32
		{3BA7595D-F79E-4757-8C1C-2FC543FE5A92}.Debug|Win32.Build.0 = Debug|Win32
		{3BA7595D-F79E-4757-8C1C-2FC543FE5A92}.MinSizeRel|Win32.ActiveCfg = MinSizeRel|Win32
		{3BA7595D-F79E-4757-8C1C-2FC543FE5A92}.MinSizeRel|Win32.Build.0 = MinSizeRel|Win32
		{3BA7595D-F79E-4757-8C1C-2FC543FE5A92}.Release|Win32.ActiveCfg = Release|Win32
		{3BA7595D-F79E-4757-8C1C-2FC543FE5A92}.Release|Win32.Build.0 = Release|Win32
		{3BA7595D-F79E-4757-8C1C-2FC543FE5A92}.RelWithDebInfo|Win32.ActiveCfg = RelWithDebInfo|Win32
		{3BA7595D-F79E-4757-8C1C-2FC543FE5A92}.RelWithDebInfo|Win32.Build.0 = RelWithDebInfo|Win32
	EndGlobalSection
	GlobalSection(SolutionProperties) = preSolution
		HideSolutionNode = FALSE
	EndGlobalSection
EndGlobal
